
Microsoft Visual Studio Solution File, Format Version 12.00
# Visual Studio 15
VisualStudioVersion = 15.0.27703.2042
MinimumVisualStudioVersion = 10.0.40219.1
Project("{FAE04EC0-301F-11D3-BF4B-00C04F79EFBC}") = "LogicGateIDE", "LogicGateIDE\LogicGateIDE.csproj", "{7E4029F3-2469-42CC-9FE0-45082CB6C58B}"
EndProject
Project("{F2A71F9B-5D33-465A-A702-920D77279786}") = "FCircuitParser", "..\LogicGateSim\FCircuitParser\FCircuitParser.fsproj", "{174F8067-F89D-4613-B80E-2AF87FAFDE04}"
EndProject
Global
	GlobalSection(SolutionConfigurationPlatforms) = preSolution
		Debug|Any CPU = Debug|Any CPU
		Release|Any CPU = Release|Any CPU
	EndGlobalSection
	GlobalSection(ProjectConfigurationPlatforms) = postSolution
		{7E4029F3-2469-42CC-9FE0-45082CB6C58B}.Debug|Any CPU.ActiveCfg = Debug|Any CPU
		{7E4029F3-2469-42CC-9FE0-45082CB6C58B}.Debug|Any CPU.Build.0 = Debug|Any CPU
		{7E4029F3-2469-42CC-9FE0-45082CB6C58B}.Release|Any CPU.ActiveCfg = Release|Any CPU
		{7E4029F3-2469-42CC-9FE0-45082CB6C58B}.Release|Any CPU.Build.0 = Release|Any CPU
		{174F8067-F89D-4613-B80E-2AF87FAFDE04}.Debug|Any CPU.ActiveCfg = Debug|Any CPU
		{174F8067-F89D-4613-B80E-2AF87FAFDE04}.Debug|Any CPU.Build.0 = Debug|Any CPU
		{174F8067-F89D-4613-B80E-2AF87FAFDE04}.Release|Any CPU.ActiveCfg = Release|Any CPU
		{174F8067-F89D-4613-B80E-2AF87FAFDE04}.Release|Any CPU.Build.0 = Release|Any CPU
	EndGlobalSection
	GlobalSection(SolutionProperties) = preSolution
		HideSolutionNode = FALSE
	EndGlobalSection
	GlobalSection(ExtensibilityGlobals) = postSolution
		SolutionGuid = {3E13E438-059D-4569-8ABB-08FCDE098FBA}
	EndGlobalSection
EndGlobal
